
Microsoft Visual Studio Solution File, Format Version 12.00
# Visual Studio Version 16
VisualStudioVersion = 16.0.28922.388
MinimumVisualStudioVersion = 10.0.40219.1
Project("{FAE04EC0-301F-11D3-BF4B-00C04F79EFBC}") = "Calculator2", "Calculator2\Calculator2.csproj", "{4531F11E-0ABD-46DD-AEAD-8022A9FAA4B5}"
EndProject
Global
	GlobalSection(SolutionConfigurationPlatforms) = preSolution
		Debug|Any CPU = Debug|Any CPU
		Release|Any CPU = Release|Any CPU
	EndGlobalSection
	GlobalSection(ProjectConfigurationPlatforms) = postSolution
		{4531F11E-0ABD-46DD-AEAD-8022A9FAA4B5}.Debug|Any CPU.ActiveCfg = Debug|Any CPU
		{4531F11E-0ABD-46DD-AEAD-8022A9FAA4B5}.Debug|Any CPU.Build.0 = Debug|Any CPU
		{4531F11E-0ABD-46DD-AEAD-8022A9FAA4B5}.Release|Any CPU.ActiveCfg = Release|Any CPU
		{4531F11E-0ABD-46DD-AEAD-8022A9FAA4B5}.Release|Any CPU.Build.0 = Release|Any CPU
	EndGlobalSection
	GlobalSection(SolutionProperties) = preSolution
		HideSolutionNode = FALSE
	EndGlobalSection
	GlobalSection(ExtensibilityGlobals) = postSolution
		SolutionGuid = {4F599178-11F3-421A-867B-B0626859AD15}
	EndGlobalSection
EndGlobal
