
Microsoft Visual Studio Solution File, Format Version 12.00
# Visual Studio Version 16
VisualStudioVersion = 16.0.28922.388
MinimumVisualStudioVersion = 10.0.40219.1
Project("{FAE04EC0-301F-11D3-BF4B-00C04F79EFBC}") = "CarInsurance", "CarInsurance\CarInsurance.csproj", "{A12596AF-EF29-4F31-9427-9A6F14B57C45}"
EndProject
Global
	GlobalSection(SolutionConfigurationPlatforms) = preSolution
		Debug|Any CPU = Debug|Any CPU
		Release|Any CPU = Release|Any CPU
	EndGlobalSection
	GlobalSection(ProjectConfigurationPlatforms) = postSolution
		{A12596AF-EF29-4F31-9427-9A6F14B57C45}.Debug|Any CPU.ActiveCfg = Debug|Any CPU
		{A12596AF-EF29-4F31-9427-9A6F14B57C45}.Debug|Any CPU.Build.0 = Debug|Any CPU
		{A12596AF-EF29-4F31-9427-9A6F14B57C45}.Release|Any CPU.ActiveCfg = Release|Any CPU
		{A12596AF-EF29-4F31-9427-9A6F14B57C45}.Release|Any CPU.Build.0 = Release|Any CPU
	EndGlobalSection
	GlobalSection(SolutionProperties) = preSolution
		HideSolutionNode = FALSE
	EndGlobalSection
	GlobalSection(ExtensibilityGlobals) = postSolution
		SolutionGuid = {A302C3D5-2406-439A-9C40-62F7887215B4}
	EndGlobalSection
EndGlobal
