
Microsoft Visual Studio Solution File, Format Version 12.00
# Visual Studio Version 16
VisualStudioVersion = 16.0.28922.388
MinimumVisualStudioVersion = 10.0.40219.1
Project("{FAE04EC0-301F-11D3-BF4B-00C04F79EFBC}") = "ArrayAndListExercise", "ArrayAndListExercise\ArrayAndListExercise.csproj", "{2069EE9A-A047-4990-BD73-B4898B06FD7C}"
EndProject
Global
	GlobalSection(SolutionConfigurationPlatforms) = preSolution
		Debug|Any CPU = Debug|Any CPU
		Release|Any CPU = Release|Any CPU
	EndGlobalSection
	GlobalSection(ProjectConfigurationPlatforms) = postSolution
		{2069EE9A-A047-4990-BD73-B4898B06FD7C}.Debug|Any CPU.ActiveCfg = Debug|Any CPU
		{2069EE9A-A047-4990-BD73-B4898B06FD7C}.Debug|Any CPU.Build.0 = Debug|Any CPU
		{2069EE9A-A047-4990-BD73-B4898B06FD7C}.Release|Any CPU.ActiveCfg = Release|Any CPU
		{2069EE9A-A047-4990-BD73-B4898B06FD7C}.Release|Any CPU.Build.0 = Release|Any CPU
	EndGlobalSection
	GlobalSection(SolutionProperties) = preSolution
		HideSolutionNode = FALSE
	EndGlobalSection
	GlobalSection(ExtensibilityGlobals) = postSolution
		SolutionGuid = {C07BDC20-0964-433A-9691-77719084D0C2}
	EndGlobalSection
EndGlobal
