
Microsoft Visual Studio Solution File, Format Version 12.00
# Visual Studio Version 16
VisualStudioVersion = 16.0.28922.388
MinimumVisualStudioVersion = 10.0.40219.1
Project("{FAE04EC0-301F-11D3-BF4B-00C04F79EFBC}") = "DateTImeNumberLog", "DateTImeNumberLog\DateTImeNumberLog.csproj", "{31828CCD-6C5B-46E0-BE93-B41A1D47E248}"
EndProject
Global
	GlobalSection(SolutionConfigurationPlatforms) = preSolution
		Debug|Any CPU = Debug|Any CPU
		Release|Any CPU = Release|Any CPU
	EndGlobalSection
	GlobalSection(ProjectConfigurationPlatforms) = postSolution
		{31828CCD-6C5B-46E0-BE93-B41A1D47E248}.Debug|Any CPU.ActiveCfg = Debug|Any CPU
		{31828CCD-6C5B-46E0-BE93-B41A1D47E248}.Debug|Any CPU.Build.0 = Debug|Any CPU
		{31828CCD-6C5B-46E0-BE93-B41A1D47E248}.Release|Any CPU.ActiveCfg = Release|Any CPU
		{31828CCD-6C5B-46E0-BE93-B41A1D47E248}.Release|Any CPU.Build.0 = Release|Any CPU
	EndGlobalSection
	GlobalSection(SolutionProperties) = preSolution
		HideSolutionNode = FALSE
	EndGlobalSection
	GlobalSection(ExtensibilityGlobals) = postSolution
		SolutionGuid = {EA776CC6-11E1-41A6-91F1-B4277DD0F4D2}
	EndGlobalSection
EndGlobal
