
Microsoft Visual Studio Solution File, Format Version 12.00
# Visual Studio Version 16
VisualStudioVersion = 16.0.28922.388
MinimumVisualStudioVersion = 10.0.40219.1
Project("{FAE04EC0-301F-11D3-BF4B-00C04F79EFBC}") = "LambadAssignment", "LambadAssignment\LambadAssignment.csproj", "{EB5548C4-C021-4AAE-B66F-EFF66F67838D}"
EndProject
Global
	GlobalSection(SolutionConfigurationPlatforms) = preSolution
		Debug|Any CPU = Debug|Any CPU
		Release|Any CPU = Release|Any CPU
	EndGlobalSection
	GlobalSection(ProjectConfigurationPlatforms) = postSolution
		{EB5548C4-C021-4AAE-B66F-EFF66F67838D}.Debug|Any CPU.ActiveCfg = Debug|Any CPU
		{EB5548C4-C021-4AAE-B66F-EFF66F67838D}.Debug|Any CPU.Build.0 = Debug|Any CPU
		{EB5548C4-C021-4AAE-B66F-EFF66F67838D}.Release|Any CPU.ActiveCfg = Release|Any CPU
		{EB5548C4-C021-4AAE-B66F-EFF66F67838D}.Release|Any CPU.Build.0 = Release|Any CPU
	EndGlobalSection
	GlobalSection(SolutionProperties) = preSolution
		HideSolutionNode = FALSE
	EndGlobalSection
	GlobalSection(ExtensibilityGlobals) = postSolution
		SolutionGuid = {B4F4E639-77E6-4888-A9AB-88EDE4F6B29D}
	EndGlobalSection
EndGlobal
