
Microsoft Visual Studio Solution File, Format Version 12.00
# Visual Studio Version 16
VisualStudioVersion = 16.0.28922.388
MinimumVisualStudioVersion = 10.0.40219.1
Project("{FAE04EC0-301F-11D3-BF4B-00C04F79EFBC}") = "MyFirstC-Sharp Program", "MyFirstC-Sharp Program\MyFirstC-Sharp Program.csproj", "{CCCE811C-C0F3-412A-9B33-8314FD19A20F}"
EndProject
Global
	GlobalSection(SolutionConfigurationPlatforms) = preSolution
		Debug|Any CPU = Debug|Any CPU
		Release|Any CPU = Release|Any CPU
	EndGlobalSection
	GlobalSection(ProjectConfigurationPlatforms) = postSolution
		{CCCE811C-C0F3-412A-9B33-8314FD19A20F}.Debug|Any CPU.ActiveCfg = Debug|Any CPU
		{CCCE811C-C0F3-412A-9B33-8314FD19A20F}.Debug|Any CPU.Build.0 = Debug|Any CPU
		{CCCE811C-C0F3-412A-9B33-8314FD19A20F}.Release|Any CPU.ActiveCfg = Release|Any CPU
		{CCCE811C-C0F3-412A-9B33-8314FD19A20F}.Release|Any CPU.Build.0 = Release|Any CPU
	EndGlobalSection
	GlobalSection(SolutionProperties) = preSolution
		HideSolutionNode = FALSE
	EndGlobalSection
	GlobalSection(ExtensibilityGlobals) = postSolution
		SolutionGuid = {D8BE833F-8B7C-4412-8CD7-DB67C4DBFD45}
	EndGlobalSection
EndGlobal
