
Microsoft Visual Studio Solution File, Format Version 12.00
# Visual Studio Version 16
VisualStudioVersion = 16.0.28922.388
MinimumVisualStudioVersion = 10.0.40219.1
Project("{FAE04EC0-301F-11D3-BF4B-00C04F79EFBC}") = "ACME WELCOME", "ACME WELCOME\ACME WELCOME.csproj", "{822E00BF-14F3-4EA0-BA51-8E2C1B1F3F0B}"
EndProject
Global
	GlobalSection(SolutionConfigurationPlatforms) = preSolution
		Debug|Any CPU = Debug|Any CPU
		Release|Any CPU = Release|Any CPU
	EndGlobalSection
	GlobalSection(ProjectConfigurationPlatforms) = postSolution
		{822E00BF-14F3-4EA0-BA51-8E2C1B1F3F0B}.Debug|Any CPU.ActiveCfg = Debug|Any CPU
		{822E00BF-14F3-4EA0-BA51-8E2C1B1F3F0B}.Debug|Any CPU.Build.0 = Debug|Any CPU
		{822E00BF-14F3-4EA0-BA51-8E2C1B1F3F0B}.Release|Any CPU.ActiveCfg = Release|Any CPU
		{822E00BF-14F3-4EA0-BA51-8E2C1B1F3F0B}.Release|Any CPU.Build.0 = Release|Any CPU
	EndGlobalSection
	GlobalSection(SolutionProperties) = preSolution
		HideSolutionNode = FALSE
	EndGlobalSection
	GlobalSection(ExtensibilityGlobals) = postSolution
		SolutionGuid = {3A889EDE-46B7-4366-BB39-E62C5D99E0E2}
	EndGlobalSection
EndGlobal
